PODS:
  - Alamofire (5.4.4)
  - Realm (10.20.0):
    - Realm/Headers (= 10.20.0)
  - Realm/Headers (10.20.0)
  - RealmSwift (10.20.0):
    - Realm (= 10.20.0)
  - SwiftGen (6.5.1)
  - SwiftLint (0.45.1)
  - SwiftyBeaver (1.9.5)
  - Swinject (2.8.1)
  - SwinjectAutoregistration (2.7.0):
    - Swinject (~> 2.7)

DEPENDENCIES:
  - Alamofire
  - RealmSwift
  - SwiftGen
  - SwiftLint
  - SwiftyBeaver
  - Swinject
  - SwinjectAutoregistration

SPEC REPOS:
  trunk:
    - Alamofire
    - Realm
    - RealmSwift
    - SwiftGen
    - SwiftLint
    - SwiftyBeaver
    - Swinject
    - SwinjectAutoregistration

SPEC CHECKSUMS:
  Alamofire: f3b09a368f1582ab751b3fff5460276e0d2cf5c9
  Realm: ae32bdc1da7d19c7617e0400201a77acd4a211b9
  RealmSwift: c95eec6a712924870b2e36c4c081d63ec07e5414
  SwiftGen: a6d22010845f08fe18fbdf3a07a8e380fd22e0ea
  SwiftLint: 06ac37e4d38c7068e0935bb30cda95f093bec761
  SwiftyBeaver: 84069991dd5dca07d7069100985badaca7f0ce82
  Swinject: 97112918bd7e0785dc2df7036213f3c8cbba6586
  SwinjectAutoregistration: 330f5012642a8b5c89a8a4adb0c5e52df07382c0

PODFILE CHECKSUM: 4dad6d4a2e01f599e770b751921c3664dedb525b

COCOAPODS: 1.10.1
