PODS:
  - Alamofire (5.4.3)
  - Realm (10.15.1):
    - Realm/Headers (= 10.15.1)
  - Realm/Headers (10.15.1)
  - RealmSwift (10.15.1):
    - Realm (= 10.15.1)
  - SwiftGen (6.4.0)
  - SwiftLint (0.44.0)
  - SwiftyBeaver (1.9.5)
  - Swinject (2.8.1)

DEPENDENCIES:
  - Alamofire
  - RealmSwift
  - SwiftGen
  - SwiftLint
  - SwiftyBeaver
  - Swinject

SPEC REPOS:
  trunk:
    - Alamofire
    - Realm
    - RealmSwift
    - SwiftGen
    - SwiftLint
    - SwiftyBeaver
    - Swinject

SPEC CHECKSUMS:
  Alamofire: e447a2774a40c996748296fa2c55112fdbbc42f9
  Realm: fbcbde2620d51623cc5b18e28f5b165c39abef52
  RealmSwift: e4bea8e42efad3d543aea23b56504069c6faaea2
  SwiftGen: 67860cc7c3cfc2ed25b9b74cfd55495fc89f9108
  SwiftLint: e96c0a8c770c7ebbc4d36c55baf9096bb65c4584
  SwiftyBeaver: 84069991dd5dca07d7069100985badaca7f0ce82
  Swinject: 97112918bd7e0785dc2df7036213f3c8cbba6586

PODFILE CHECKSUM: f1f291043b7d7902e9f4887af87dcfaea7957ca4

COCOAPODS: 1.10.1
