// !$*UTF8*$!
{
	archiveVersion = 1;
	classes = {
	};
	objectVersion = 55;
	objects = {

/* Begin PBXBuildFile section */
		03DE97E4F728930818596A97 /* Pods_Moyang.framework in Frameworks */ = {isa = PBXBuildFile; fileRef = 45781C750B0FFEF1DF6E58AB /* Pods_Moyang.framework */; };
		084BE66F277B243800CFC19D /* UIApplication+.swift in Sources */ = {isa = PBXBuildFile; fileRef = 084BE66E277B243800CFC19D /* UIApplication+.swift */; };
		08A1B7CA27804A010085BE18 /* PrayList.json in Resources */ = {isa = PBXBuildFile; fileRef = 08A1B7C927804A010085BE18 /* PrayList.json */; };
		08BE775C2796D010008DC7B0 /* PastorLogInView.swift in Sources */ = {isa = PBXBuildFile; fileRef = 08BE775B2796D010008DC7B0 /* PastorLogInView.swift */; };
		08BE775E2796D21F008DC7B0 /* PastorLoginVM.swift in Sources */ = {isa = PBXBuildFile; fileRef = 08BE775D2796D21F008DC7B0 /* PastorLoginVM.swift */; };
		08BE77612796DAB8008DC7B0 /* PastorList.swift in Sources */ = {isa = PBXBuildFile; fileRef = 08BE77602796DAB8008DC7B0 /* PastorList.swift */; };
		08CE42012780059A003352E0 /* FirestoreService.swift in Sources */ = {isa = PBXBuildFile; fileRef = 08CE42002780059A003352E0 /* FirestoreService.swift */; };
		08D2D8532787B05F006897A4 /* SignUpView.swift in Sources */ = {isa = PBXBuildFile; fileRef = 08D2D8522787B05F006897A4 /* SignUpView.swift */; };
		08D2D8552787B074006897A4 /* LogInView.swift in Sources */ = {isa = PBXBuildFile; fileRef = 08D2D8542787B074006897A4 /* LogInView.swift */; };
		08D2D8582787B12F006897A4 /* LoginVM.swift in Sources */ = {isa = PBXBuildFile; fileRef = 08D2D8572787B12F006897A4 /* LoginVM.swift */; };
		08D82953278D192C001E6B61 /* LoginService.swift in Sources */ = {isa = PBXBuildFile; fileRef = 08D82952278D192C001E6B61 /* LoginService.swift */; };
		08D82955278D196F001E6B61 /* FirestoreLoginServiceImpl.swift in Sources */ = {isa = PBXBuildFile; fileRef = 08D82954278D196F001E6B61 /* FirestoreLoginServiceImpl.swift */; };
		08D82957278D2548001E6B61 /* MoyangButtonStyle.swift in Sources */ = {isa = PBXBuildFile; fileRef = 08D82956278D2548001E6B61 /* MoyangButtonStyle.swift */; };
		08D82959278D25F0001E6B61 /* Font+.swift in Sources */ = {isa = PBXBuildFile; fileRef = 08D82958278D25F0001E6B61 /* Font+.swift */; };
		08D8295B278D3327001E6B61 /* Color+.swift in Sources */ = {isa = PBXBuildFile; fileRef = 08D8295A278D3327001E6B61 /* Color+.swift */; };
		08D8295F278D8116001E6B61 /* IntroView.swift in Sources */ = {isa = PBXBuildFile; fileRef = 08D8295E278D8116001E6B61 /* IntroView.swift */; };
		08D897AE2778604D0065E103 /* PrayAddVM.swift in Sources */ = {isa = PBXBuildFile; fileRef = 08D897AD2778604D0065E103 /* PrayAddVM.swift */; };
		08FBC5F5279143D8008BC236 /* DailyView.swift in Sources */ = {isa = PBXBuildFile; fileRef = 08FBC5F4279143D8008BC236 /* DailyView.swift */; };
		08FBC5F9279143EC008BC236 /* ProfileView.swift in Sources */ = {isa = PBXBuildFile; fileRef = 08FBC5F8279143EC008BC236 /* ProfileView.swift */; };
		176298367FB9301245178345 /* Pods_MoyangTests.framework in Frameworks */ = {isa = PBXBuildFile; fileRef = FEBEE8B8AC07D3451E88B65C /* Pods_MoyangTests.framework */; };
		241426AB278099CB006682B1 /* PrayRepoMock.swift in Sources */ = {isa = PBXBuildFile; fileRef = 241426AA278099CB006682B1 /* PrayRepoMock.swift */; };
		24151DCE274A2A3E00DD38CE /* CellPrayListView.swift in Sources */ = {isa = PBXBuildFile; fileRef = 24151DCD274A2A3E00DD38CE /* CellPrayListView.swift */; };
		242D745C274267C80053EF2A /* MainCard.swift in Sources */ = {isa = PBXBuildFile; fileRef = 242D745B274267C80053EF2A /* MainCard.swift */; };
		242D745F274282F00053EF2A /* Localizable.strings in Resources */ = {isa = PBXBuildFile; fileRef = 242D7461274282F00053EF2A /* Localizable.strings */; };
		242D7464274283710053EF2A /* Strings.swift in Sources */ = {isa = PBXBuildFile; fileRef = 242D7463274283710053EF2A /* Strings.swift */; };
		244933EB27775B8F000DDE01 /* PrayCardView.swift in Sources */ = {isa = PBXBuildFile; fileRef = 244933EA27775B8F000DDE01 /* PrayCardView.swift */; };
		244933ED277765BB000DDE01 /* Pray.json in Resources */ = {isa = PBXBuildFile; fileRef = 244933EC277765BB000DDE01 /* Pray.json */; };
		246BD7A827240A96005C4E0B /* DailySummaryVM.swift in Sources */ = {isa = PBXBuildFile; fileRef = 246BD7A527240A96005C4E0B /* DailySummaryVM.swift */; };
		246BD7A927240A96005C4E0B /* DailySummaryView.swift in Sources */ = {isa = PBXBuildFile; fileRef = 246BD7A727240A96005C4E0B /* DailySummaryView.swift */; };
		246BD7AC27240AB9005C4E0B /* MainCategoryList.swift in Sources */ = {isa = PBXBuildFile; fileRef = 246BD7AB27240AB9005C4E0B /* MainCategoryList.swift */; };
		246BD7BE27240AD4005C4E0B /* PrayAddView.swift in Sources */ = {isa = PBXBuildFile; fileRef = 246BD7AF27240AD4005C4E0B /* PrayAddView.swift */; };
		246BD7BF27240AD4005C4E0B /* PrayListView.swift in Sources */ = {isa = PBXBuildFile; fileRef = 246BD7B027240AD4005C4E0B /* PrayListView.swift */; };
		246BD7C027240AD4005C4E0B /* PrayView.swift in Sources */ = {isa = PBXBuildFile; fileRef = 246BD7B127240AD4005C4E0B /* PrayView.swift */; };
		246BD7C127240AD4005C4E0B /* PrayPreviewCard.swift in Sources */ = {isa = PBXBuildFile; fileRef = 246BD7B227240AD4005C4E0B /* PrayPreviewCard.swift */; };
		246BD7C227240AD4005C4E0B /* Pray.swift in Sources */ = {isa = PBXBuildFile; fileRef = 246BD7B527240AD4005C4E0B /* Pray.swift */; };
		246BD7C327240AD4005C4E0B /* PrayRepo.swift in Sources */ = {isa = PBXBuildFile; fileRef = 246BD7B627240AD4005C4E0B /* PrayRepo.swift */; };
		246BD7C627240AD4005C4E0B /* PrayListVM.swift in Sources */ = {isa = PBXBuildFile; fileRef = 246BD7BB27240AD4005C4E0B /* PrayListVM.swift */; };
		246BD7C727240AD4005C4E0B /* PrayCardVM.swift in Sources */ = {isa = PBXBuildFile; fileRef = 246BD7BC27240AD4005C4E0B /* PrayCardVM.swift */; };
		246BD7C827240AD4005C4E0B /* PrayRepoImpl.swift in Sources */ = {isa = PBXBuildFile; fileRef = 246BD7BD27240AD4005C4E0B /* PrayRepoImpl.swift */; };
		246BD7F127240AE4005C4E0B /* GroupRepoImpl.swift in Sources */ = {isa = PBXBuildFile; fileRef = 246BD7DE27240AE4005C4E0B /* GroupRepoImpl.swift */; };
		246BD7F327240AE4005C4E0B /* GroupMeetingVM.swift in Sources */ = {isa = PBXBuildFile; fileRef = 246BD7E027240AE4005C4E0B /* GroupMeetingVM.swift */; };
		246BD7F427240AE4005C4E0B /* CellPreviewCard.swift in Sources */ = {isa = PBXBuildFile; fileRef = 246BD7E227240AE4005C4E0B /* CellPreviewCard.swift */; };
		246BD7F527240AE4005C4E0B /* CellSubjectHistoryView.swift in Sources */ = {isa = PBXBuildFile; fileRef = 246BD7E327240AE4005C4E0B /* CellSubjectHistoryView.swift */; };
		246BD7F627240AE4005C4E0B /* GroupMeetingView.swift in Sources */ = {isa = PBXBuildFile; fileRef = 246BD7E427240AE4005C4E0B /* GroupMeetingView.swift */; };
		246BD7F727240AE4005C4E0B /* GroupRepo.swift in Sources */ = {isa = PBXBuildFile; fileRef = 246BD7E627240AE4005C4E0B /* GroupRepo.swift */; };
		246BD7F827240AE4005C4E0B /* GroupPreview.swift in Sources */ = {isa = PBXBuildFile; fileRef = 246BD7E727240AE4005C4E0B /* GroupPreview.swift */; };
		24755367277CA9AB001908A6 /* UserData.swift in Sources */ = {isa = PBXBuildFile; fileRef = 24755366277CA9AB001908A6 /* UserData.swift */; };
		2481EF22276D9D3900C70E26 /* CellCardVM.swift in Sources */ = {isa = PBXBuildFile; fileRef = 2481EF21276D9D3900C70E26 /* CellCardVM.swift */; };
		248FEC102723A08D00321E5E /* MainView.swift in Sources */ = {isa = PBXBuildFile; fileRef = 248FEC0F2723A08D00321E5E /* MainView.swift */; };
		248FEC152723A11600321E5E /* Colors.xcassets in Resources */ = {isa = PBXBuildFile; fileRef = 248FEC142723A11500321E5E /* Colors.xcassets */; };
		248FEC1D2723AB0300321E5E /* Assets.swift in Sources */ = {isa = PBXBuildFile; fileRef = 248FEC1C2723AB0300321E5E /* Assets.swift */; };
		249B903027259C6400B53682 /* DummyData.swift in Sources */ = {isa = PBXBuildFile; fileRef = 249B902F27259C6400B53682 /* DummyData.swift */; };
		249B903827259FD300B53682 /* GroupPreview.json in Resources */ = {isa = PBXBuildFile; fileRef = 249B903727259FD300B53682 /* GroupPreview.json */; };
		24A6A4AB275A2D7800D7DB25 /* AppAssembly.swift in Sources */ = {isa = PBXBuildFile; fileRef = 24A6A4AA275A2D7800D7DB25 /* AppAssembly.swift */; };
		24A6A4AD275A2DD700D7DB25 /* BaseAssembly.swift in Sources */ = {isa = PBXBuildFile; fileRef = 24A6A4AC275A2DD700D7DB25 /* BaseAssembly.swift */; };
		24AC737A27468BD7003B9B2F /* Array+.swift in Sources */ = {isa = PBXBuildFile; fileRef = 24AC737927468BD7003B9B2F /* Array+.swift */; };
		24B47FF7276A1BD3003130E6 /* FirestoreServiceImpl.swift in Sources */ = {isa = PBXBuildFile; fileRef = 24B47FF6276A1BD3003130E6 /* FirestoreServiceImpl.swift */; };
		24B57BBC2760B37A00630C4C /* GoogleService-Info.plist in Resources */ = {isa = PBXBuildFile; fileRef = 24B57BBB2760B37A00630C4C /* GoogleService-Info.plist */; };
		24B652AD279584AD007CC58C /* MeetingInfo.swift in Sources */ = {isa = PBXBuildFile; fileRef = 24B652AC279584AD007CC58C /* MeetingInfo.swift */; };
		24B652AF279589BA007CC58C /* IntroVM.swift in Sources */ = {isa = PBXBuildFile; fileRef = 24B652AE279589BA007CC58C /* IntroVM.swift */; };
		24B6A2552726BEB00065112A /* GroupInfo.swift in Sources */ = {isa = PBXBuildFile; fileRef = 24B6A2542726BEB00065112A /* GroupInfo.swift */; };
		24B6A2572726C40E0065112A /* GroupInfo.json in Resources */ = {isa = PBXBuildFile; fileRef = 24B6A2562726C40E0065112A /* GroupInfo.json */; };
		24B6E31F275F81CE00AD2E53 /* MoyangError.swift in Sources */ = {isa = PBXBuildFile; fileRef = 24B6E31E275F81CE00AD2E53 /* MoyangError.swift */; };
		24B7B4D82753BC5F007BCF9E /* NewCellPrayView.swift in Sources */ = {isa = PBXBuildFile; fileRef = 24B7B4D72753BC5F007BCF9E /* NewCellPrayView.swift */; };
		24B812F227984BD300BD1B3E /* PastorMainView.swift in Sources */ = {isa = PBXBuildFile; fileRef = 24B812F127984BD300BD1B3E /* PastorMainView.swift */; };
		24B812F627984EA300BD1B3E /* PastorMainVM.swift in Sources */ = {isa = PBXBuildFile; fileRef = 24B812F527984EA300BD1B3E /* PastorMainVM.swift */; };
		24B8BCE92764C7AD005B0A9F /* DailyRepo.swift in Sources */ = {isa = PBXBuildFile; fileRef = 24B8BCE82764C7AD005B0A9F /* DailyRepo.swift */; };
		24B8BCED2764C7FF005B0A9F /* DailyRepoImpl.swift in Sources */ = {isa = PBXBuildFile; fileRef = 24B8BCEC2764C7FF005B0A9F /* DailyRepoImpl.swift */; };
		24B8BCEF2764C939005B0A9F /* DailyPreview.swift in Sources */ = {isa = PBXBuildFile; fileRef = 24B8BCEE2764C939005B0A9F /* DailyPreview.swift */; };
		24B9BF6D275AEB7B0056E694 /* UIColor+.swift in Sources */ = {isa = PBXBuildFile; fileRef = 24B9BF6C275AEB7B0056E694 /* UIColor+.swift */; };
		24BB327C27656735002131BF /* MainCategoryVM.swift in Sources */ = {isa = PBXBuildFile; fileRef = 24BB327B27656735002131BF /* MainCategoryVM.swift */; };
		24BB8032275645C100BE2988 /* NewCellPrayVM.swift in Sources */ = {isa = PBXBuildFile; fileRef = 24BB8031275645C100BE2988 /* NewCellPrayVM.swift */; };
		24BB803527565E1300BE2988 /* RealmManager.swift in Sources */ = {isa = PBXBuildFile; fileRef = 24BB803427565E1300BE2988 /* RealmManager.swift */; };
		24BB803727565E2200BE2988 /* LocalDB.swift in Sources */ = {isa = PBXBuildFile; fileRef = 24BB803627565E2200BE2988 /* LocalDB.swift */; };
		24BF6E94274FBF620004B24E /* CellPrayInfo.json in Resources */ = {isa = PBXBuildFile; fileRef = 24BF6E93274FBF620004B24E /* CellPrayInfo.json */; };
		24D0D2F827230CA3006FF67B /* MoyangApp.swift in Sources */ = {isa = PBXBuildFile; fileRef = 24D0D2F727230CA3006FF67B /* MoyangApp.swift */; };
		24D0D2FC27230CA6006FF67B /* Images.xcassets in Resources */ = {isa = PBXBuildFile; fileRef = 24D0D2FB27230CA6006FF67B /* Images.xcassets */; };
		24D0D30927230CA6006FF67B /* MoyangTests.swift in Sources */ = {isa = PBXBuildFile; fileRef = 24D0D30827230CA6006FF67B /* MoyangTests.swift */; };
		24D0D325272313AF006FF67B /* .swiftlint.yml in Resources */ = {isa = PBXBuildFile; fileRef = 24D0D324272313AF006FF67B /* .swiftlint.yml */; };
		24D0D3292723145F006FF67B /* Date+.swift in Sources */ = {isa = PBXBuildFile; fileRef = 24D0D3282723145F006FF67B /* Date+.swift */; };
		24D0D32D272314F7006FF67B /* Log.swift in Sources */ = {isa = PBXBuildFile; fileRef = 24D0D32C272314F7006FF67B /* Log.swift */; };
		24D0D32F27231511006FF67B /* Publishers+.swift in Sources */ = {isa = PBXBuildFile; fileRef = 24D0D32E27231511006FF67B /* Publishers+.swift */; };
		24D0D33127231520006FF67B /* View+.swift in Sources */ = {isa = PBXBuildFile; fileRef = 24D0D33027231520006FF67B /* View+.swift */; };
		24D0D33327231537006FF67B /* UIScreen+.swift in Sources */ = {isa = PBXBuildFile; fileRef = 24D0D33227231537006FF67B /* UIScreen+.swift */; };
		24D7BB31274D179200CC8B7C /* CellPrayListVM.swift in Sources */ = {isa = PBXBuildFile; fileRef = 24D7BB30274D179200CC8B7C /* CellPrayListVM.swift */; };
		24D7BB33274D17C100CC8B7C /* CellPrayInfo.swift in Sources */ = {isa = PBXBuildFile; fileRef = 24D7BB32274D17C000CC8B7C /* CellPrayInfo.swift */; };
		24DB53BB27479DAA00F861EC /* UINavigationController+.swift in Sources */ = {isa = PBXBuildFile; fileRef = 24DB53BA27479DAA00F861EC /* UINavigationController+.swift */; };
		24E60724278EF19E00D5A7F2 /* IndicatorView.swift in Sources */ = {isa = PBXBuildFile; fileRef = 24E60723278EF19E00D5A7F2 /* IndicatorView.swift */; };
		24E779CE2787308D00C732D6 /* GroupMember.swift in Sources */ = {isa = PBXBuildFile; fileRef = 24E779CD2787308D00C732D6 /* GroupMember.swift */; };
		24EA9B4827579BDC004FB585 /* CellMemberPrayEditView.swift in Sources */ = {isa = PBXBuildFile; fileRef = 24EA9B4727579BDC004FB585 /* CellMemberPrayEditView.swift */; };
		24EA9B4A2757A4AB004FB585 /* CellPrayListRow.swift in Sources */ = {isa = PBXBuildFile; fileRef = 24EA9B492757A4AB004FB585 /* CellPrayListRow.swift */; };
/* End PBXBuildFile section */

/* Begin PBXContainerItemProxy section */
		24D0D30527230CA6006FF67B /* PBXContainerItemProxy */ = {
			isa = PBXContainerItemProxy;
			containerPortal = 24D0D2EC27230CA3006FF67B /* Project object */;
			proxyType = 1;
			remoteGlobalIDString = 24D0D2F327230CA3006FF67B;
			remoteInfo = Moyang;
		};
/* End PBXContainerItemProxy section */

/* Begin PBXFileReference section */
		084BE66E277B243800CFC19D /* UIApplication+.swift */ = {isa = PBXFileReference; lastKnownFileType = sourcecode.swift; path = "UIApplication+.swift"; sourceTree = "<group>"; };
		08A1B7C927804A010085BE18 /* PrayList.json */ = {isa = PBXFileReference; fileEncoding = 4; lastKnownFileType = text.json; path = PrayList.json; sourceTree = "<group>"; };
		08BE775B2796D010008DC7B0 /* PastorLogInView.swift */ = {isa = PBXFileReference; lastKnownFileType = sourcecode.swift; path = PastorLogInView.swift; sourceTree = "<group>"; };
		08BE775D2796D21F008DC7B0 /* PastorLoginVM.swift */ = {isa = PBXFileReference; lastKnownFileType = sourcecode.swift; path = PastorLoginVM.swift; sourceTree = "<group>"; };
		08BE77602796DAB8008DC7B0 /* PastorList.swift */ = {isa = PBXFileReference; lastKnownFileType = sourcecode.swift; path = PastorList.swift; sourceTree = "<group>"; };
		08CE42002780059A003352E0 /* FirestoreService.swift */ = {isa = PBXFileReference; lastKnownFileType = sourcecode.swift; path = FirestoreService.swift; sourceTree = "<group>"; };
		08D2D8522787B05F006897A4 /* SignUpView.swift */ = {isa = PBXFileReference; lastKnownFileType = sourcecode.swift; path = SignUpView.swift; sourceTree = "<group>"; };
		08D2D8542787B074006897A4 /* LogInView.swift */ = {isa = PBXFileReference; lastKnownFileType = sourcecode.swift; path = LogInView.swift; sourceTree = "<group>"; };
		08D2D8572787B12F006897A4 /* LoginVM.swift */ = {isa = PBXFileReference; lastKnownFileType = sourcecode.swift; path = LoginVM.swift; sourceTree = "<group>"; };
		08D82952278D192C001E6B61 /* LoginService.swift */ = {isa = PBXFileReference; lastKnownFileType = sourcecode.swift; path = LoginService.swift; sourceTree = "<group>"; };
		08D82954278D196F001E6B61 /* FirestoreLoginServiceImpl.swift */ = {isa = PBXFileReference; lastKnownFileType = sourcecode.swift; path = FirestoreLoginServiceImpl.swift; sourceTree = "<group>"; };
		08D82956278D2548001E6B61 /* MoyangButtonStyle.swift */ = {isa = PBXFileReference; lastKnownFileType = sourcecode.swift; path = MoyangButtonStyle.swift; sourceTree = "<group>"; };
		08D82958278D25F0001E6B61 /* Font+.swift */ = {isa = PBXFileReference; lastKnownFileType = sourcecode.swift; path = "Font+.swift"; sourceTree = "<group>"; };
		08D8295A278D3327001E6B61 /* Color+.swift */ = {isa = PBXFileReference; lastKnownFileType = sourcecode.swift; path = "Color+.swift"; sourceTree = "<group>"; };
		08D8295E278D8116001E6B61 /* IntroView.swift */ = {isa = PBXFileReference; lastKnownFileType = sourcecode.swift; path = IntroView.swift; sourceTree = "<group>"; };
		08D897AD2778604D0065E103 /* PrayAddVM.swift */ = {isa = PBXFileReference; lastKnownFileType = sourcecode.swift; path = PrayAddVM.swift; sourceTree = "<group>"; };
		08FBC5F4279143D8008BC236 /* DailyView.swift */ = {isa = PBXFileReference; lastKnownFileType = sourcecode.swift; path = DailyView.swift; sourceTree = "<group>"; };
		08FBC5F8279143EC008BC236 /* ProfileView.swift */ = {isa = PBXFileReference; lastKnownFileType = sourcecode.swift; path = ProfileView.swift; sourceTree = "<group>"; };
		1920D411DE996472D48943BE /* Pods_Moyang_MoyangUITests.framework */ = {isa = PBXFileReference; explicitFileType = wrapper.framework; includeInIndex = 0; path = Pods_Moyang_MoyangUITests.framework; sourceTree = BUILT_PRODUCTS_DIR; };
		241426AA278099CB006682B1 /* PrayRepoMock.swift */ = {isa = PBXFileReference; lastKnownFileType = sourcecode.swift; path = PrayRepoMock.swift; sourceTree = "<group>"; };
		24151DCD274A2A3E00DD38CE /* CellPrayListView.swift */ = {isa = PBXFileReference; lastKnownFileType = sourcecode.swift; path = CellPrayListView.swift; sourceTree = "<group>"; };
		242D745B274267C80053EF2A /* MainCard.swift */ = {isa = PBXFileReference; lastKnownFileType = sourcecode.swift; path = MainCard.swift; sourceTree = "<group>"; };
		242D7460274282F00053EF2A /* en */ = {isa = PBXFileReference; lastKnownFileType = text.plist.strings; name = en; path = en.lproj/Localizable.strings; sourceTree = "<group>"; };
		242D7462274282F30053EF2A /* ko */ = {isa = PBXFileReference; lastKnownFileType = text.plist.strings; name = ko; path = ko.lproj/Localizable.strings; sourceTree = "<group>"; };
		242D7463274283710053EF2A /* Strings.swift */ = {isa = PBXFileReference; lastKnownFileType = sourcecode.swift; path = Strings.swift; sourceTree = "<group>"; };
		244933EA27775B8F000DDE01 /* PrayCardView.swift */ = {isa = PBXFileReference; lastKnownFileType = sourcecode.swift; path = PrayCardView.swift; sourceTree = "<group>"; };
		244933EC277765BB000DDE01 /* Pray.json */ = {isa = PBXFileReference; fileEncoding = 4; lastKnownFileType = text.json; path = Pray.json; sourceTree = "<group>"; };
		246BD7A527240A96005C4E0B /* DailySummaryVM.swift */ = {isa = PBXFileReference; fileEncoding = 4; lastKnownFileType = sourcecode.swift; path = DailySummaryVM.swift; sourceTree = "<group>"; };
		246BD7A727240A96005C4E0B /* DailySummaryView.swift */ = {isa = PBXFileReference; fileEncoding = 4; lastKnownFileType = sourcecode.swift; path = DailySummaryView.swift; sourceTree = "<group>"; };
		246BD7AB27240AB9005C4E0B /* MainCategoryList.swift */ = {isa = PBXFileReference; fileEncoding = 4; lastKnownFileType = sourcecode.swift; path = MainCategoryList.swift; sourceTree = "<group>"; };
		246BD7AF27240AD4005C4E0B /* PrayAddView.swift */ = {isa = PBXFileReference; fileEncoding = 4; lastKnownFileType = sourcecode.swift; path = PrayAddView.swift; sourceTree = "<group>"; };
		246BD7B027240AD4005C4E0B /* PrayListView.swift */ = {isa = PBXFileReference; fileEncoding = 4; lastKnownFileType = sourcecode.swift; path = PrayListView.swift; sourceTree = "<group>"; };
		246BD7B127240AD4005C4E0B /* PrayView.swift */ = {isa = PBXFileReference; fileEncoding = 4; lastKnownFileType = sourcecode.swift; path = PrayView.swift; sourceTree = "<group>"; };
		246BD7B227240AD4005C4E0B /* PrayPreviewCard.swift */ = {isa = PBXFileReference; fileEncoding = 4; lastKnownFileType = sourcecode.swift; path = PrayPreviewCard.swift; sourceTree = "<group>"; };
		246BD7B527240AD4005C4E0B /* Pray.swift */ = {isa = PBXFileReference; fileEncoding = 4; lastKnownFileType = sourcecode.swift; path = Pray.swift; sourceTree = "<group>"; };
		246BD7B627240AD4005C4E0B /* PrayRepo.swift */ = {isa = PBXFileReference; fileEncoding = 4; lastKnownFileType = sourcecode.swift; path = PrayRepo.swift; sourceTree = "<group>"; };
		246BD7BB27240AD4005C4E0B /* PrayListVM.swift */ = {isa = PBXFileReference; fileEncoding = 4; lastKnownFileType = sourcecode.swift; path = PrayListVM.swift; sourceTree = "<group>"; };
		246BD7BC27240AD4005C4E0B /* PrayCardVM.swift */ = {isa = PBXFileReference; fileEncoding = 4; lastKnownFileType = sourcecode.swift; path = PrayCardVM.swift; sourceTree = "<group>"; };
		246BD7BD27240AD4005C4E0B /* PrayRepoImpl.swift */ = {isa = PBXFileReference; fileEncoding = 4; lastKnownFileType = sourcecode.swift; path = PrayRepoImpl.swift; sourceTree = "<group>"; };
		246BD7DE27240AE4005C4E0B /* GroupRepoImpl.swift */ = {isa = PBXFileReference; fileEncoding = 4; lastKnownFileType = sourcecode.swift; path = GroupRepoImpl.swift; sourceTree = "<group>"; };
		246BD7E027240AE4005C4E0B /* GroupMeetingVM.swift */ = {isa = PBXFileReference; fileEncoding = 4; lastKnownFileType = sourcecode.swift; path = GroupMeetingVM.swift; sourceTree = "<group>"; };
		246BD7E227240AE4005C4E0B /* CellPreviewCard.swift */ = {isa = PBXFileReference; fileEncoding = 4; lastKnownFileType = sourcecode.swift; path = CellPreviewCard.swift; sourceTree = "<group>"; };
		246BD7E327240AE4005C4E0B /* CellSubjectHistoryView.swift */ = {isa = PBXFileReference; fileEncoding = 4; lastKnownFileType = sourcecode.swift; path = CellSubjectHistoryView.swift; sourceTree = "<group>"; };
		246BD7E427240AE4005C4E0B /* GroupMeetingView.swift */ = {isa = PBXFileReference; fileEncoding = 4; lastKnownFileType = sourcecode.swift; path = GroupMeetingView.swift; sourceTree = "<group>"; };
		246BD7E627240AE4005C4E0B /* GroupRepo.swift */ = {isa = PBXFileReference; fileEncoding = 4; lastKnownFileType = sourcecode.swift; path = GroupRepo.swift; sourceTree = "<group>"; };
		246BD7E727240AE4005C4E0B /* GroupPreview.swift */ = {isa = PBXFileReference; fileEncoding = 4; lastKnownFileType = sourcecode.swift; path = GroupPreview.swift; sourceTree = "<group>"; };
		24755366277CA9AB001908A6 /* UserData.swift */ = {isa = PBXFileReference; lastKnownFileType = sourcecode.swift; path = UserData.swift; sourceTree = "<group>"; };
		2481EF21276D9D3900C70E26 /* CellCardVM.swift */ = {isa = PBXFileReference; lastKnownFileType = sourcecode.swift; path = CellCardVM.swift; sourceTree = "<group>"; };
		248FEC0F2723A08D00321E5E /* MainView.swift */ = {isa = PBXFileReference; lastKnownFileType = sourcecode.swift; path = MainView.swift; sourceTree = "<group>"; };
		248FEC142723A11500321E5E /* Colors.xcassets */ = {isa = PBXFileReference; lastKnownFileType = folder.assetcatalog; path = Colors.xcassets; sourceTree = "<group>"; };
		248FEC1C2723AB0300321E5E /* Assets.swift */ = {isa = PBXFileReference; lastKnownFileType = sourcecode.swift; path = Assets.swift; sourceTree = "<group>"; };
		249B902F27259C6400B53682 /* DummyData.swift */ = {isa = PBXFileReference; lastKnownFileType = sourcecode.swift; path = DummyData.swift; sourceTree = "<group>"; };
		249B903727259FD300B53682 /* GroupPreview.json */ = {isa = PBXFileReference; fileEncoding = 4; lastKnownFileType = text.json; path = GroupPreview.json; sourceTree = "<group>"; };
		24A6A4AA275A2D7800D7DB25 /* AppAssembly.swift */ = {isa = PBXFileReference; lastKnownFileType = sourcecode.swift; path = AppAssembly.swift; sourceTree = "<group>"; };
		24A6A4AC275A2DD700D7DB25 /* BaseAssembly.swift */ = {isa = PBXFileReference; lastKnownFileType = sourcecode.swift; path = BaseAssembly.swift; sourceTree = "<group>"; };
		24AC737927468BD7003B9B2F /* Array+.swift */ = {isa = PBXFileReference; lastKnownFileType = sourcecode.swift; path = "Array+.swift"; sourceTree = "<group>"; };
		24B47FF6276A1BD3003130E6 /* FirestoreServiceImpl.swift */ = {isa = PBXFileReference; lastKnownFileType = sourcecode.swift; path = FirestoreServiceImpl.swift; sourceTree = "<group>"; };
		24B492D027989DAB005CAA5A /* Info.plist */ = {isa = PBXFileReference; lastKnownFileType = text.plist; path = Info.plist; sourceTree = "<group>"; };
		24B57BBB2760B37A00630C4C /* GoogleService-Info.plist */ = {isa = PBXFileReference; fileEncoding = 4; lastKnownFileType = text.plist.xml; path = "GoogleService-Info.plist"; sourceTree = "<group>"; };
		24B652AC279584AD007CC58C /* MeetingInfo.swift */ = {isa = PBXFileReference; lastKnownFileType = sourcecode.swift; path = MeetingInfo.swift; sourceTree = "<group>"; };
		24B652AE279589BA007CC58C /* IntroVM.swift */ = {isa = PBXFileReference; lastKnownFileType = sourcecode.swift; path = IntroVM.swift; sourceTree = "<group>"; };
		24B6A2542726BEB00065112A /* GroupInfo.swift */ = {isa = PBXFileReference; lastKnownFileType = sourcecode.swift; path = GroupInfo.swift; sourceTree = "<group>"; };
		24B6A2562726C40E0065112A /* GroupInfo.json */ = {isa = PBXFileReference; fileEncoding = 4; lastKnownFileType = text.json; path = GroupInfo.json; sourceTree = "<group>"; };
		24B6E31E275F81CE00AD2E53 /* MoyangError.swift */ = {isa = PBXFileReference; lastKnownFileType = sourcecode.swift; path = MoyangError.swift; sourceTree = "<group>"; };
		24B7B4D72753BC5F007BCF9E /* NewCellPrayView.swift */ = {isa = PBXFileReference; lastKnownFileType = sourcecode.swift; path = NewCellPrayView.swift; sourceTree = "<group>"; };
		24B812F127984BD300BD1B3E /* PastorMainView.swift */ = {isa = PBXFileReference; lastKnownFileType = sourcecode.swift; path = PastorMainView.swift; sourceTree = "<group>"; };
		24B812F527984EA300BD1B3E /* PastorMainVM.swift */ = {isa = PBXFileReference; lastKnownFileType = sourcecode.swift; path = PastorMainVM.swift; sourceTree = "<group>"; };
		24B8BCE82764C7AD005B0A9F /* DailyRepo.swift */ = {isa = PBXFileReference; lastKnownFileType = sourcecode.swift; path = DailyRepo.swift; sourceTree = "<group>"; };
		24B8BCEC2764C7FF005B0A9F /* DailyRepoImpl.swift */ = {isa = PBXFileReference; lastKnownFileType = sourcecode.swift; path = DailyRepoImpl.swift; sourceTree = "<group>"; };
		24B8BCEE2764C939005B0A9F /* DailyPreview.swift */ = {isa = PBXFileReference; lastKnownFileType = sourcecode.swift; path = DailyPreview.swift; sourceTree = "<group>"; };
		24B9BF6C275AEB7B0056E694 /* UIColor+.swift */ = {isa = PBXFileReference; lastKnownFileType = sourcecode.swift; path = "UIColor+.swift"; sourceTree = "<group>"; };
		24BB327B27656735002131BF /* MainCategoryVM.swift */ = {isa = PBXFileReference; lastKnownFileType = sourcecode.swift; path = MainCategoryVM.swift; sourceTree = "<group>"; };
		24BB8031275645C100BE2988 /* NewCellPrayVM.swift */ = {isa = PBXFileReference; lastKnownFileType = sourcecode.swift; path = NewCellPrayVM.swift; sourceTree = "<group>"; };
		24BB803427565E1300BE2988 /* RealmManager.swift */ = {isa = PBXFileReference; lastKnownFileType = sourcecode.swift; path = RealmManager.swift; sourceTree = "<group>"; };
		24BB803627565E2200BE2988 /* LocalDB.swift */ = {isa = PBXFileReference; lastKnownFileType = sourcecode.swift; path = LocalDB.swift; sourceTree = "<group>"; };
		24BF6E93274FBF620004B24E /* CellPrayInfo.json */ = {isa = PBXFileReference; fileEncoding = 4; lastKnownFileType = text.json; path = CellPrayInfo.json; sourceTree = "<group>"; };
		24D0D2F427230CA3006FF67B /* Moyang.app */ = {isa = PBXFileReference; explicitFileType = wrapper.application; includeInIndex = 0; path = Moyang.app; sourceTree = BUILT_PRODUCTS_DIR; };
		24D0D2F727230CA3006FF67B /* MoyangApp.swift */ = {isa = PBXFileReference; lastKnownFileType = sourcecode.swift; path = MoyangApp.swift; sourceTree = "<group>"; };
		24D0D2FB27230CA6006FF67B /* Images.xcassets */ = {isa = PBXFileReference; lastKnownFileType = folder.assetcatalog; path = Images.xcassets; sourceTree = "<group>"; };
		24D0D30427230CA6006FF67B /* MoyangTests.xctest */ = {isa = PBXFileReference; explicitFileType = wrapper.cfbundle; includeInIndex = 0; path = MoyangTests.xctest; sourceTree = BUILT_PRODUCTS_DIR; };
		24D0D30827230CA6006FF67B /* MoyangTests.swift */ = {isa = PBXFileReference; lastKnownFileType = sourcecode.swift; path = MoyangTests.swift; sourceTree = "<group>"; };
		24D0D324272313AF006FF67B /* .swiftlint.yml */ = {isa = PBXFileReference; lastKnownFileType = text.yaml; path = .swiftlint.yml; sourceTree = "<group>"; };
		24D0D3282723145F006FF67B /* Date+.swift */ = {isa = PBXFileReference; lastKnownFileType = sourcecode.swift; path = "Date+.swift"; sourceTree = "<group>"; };
		24D0D32C272314F7006FF67B /* Log.swift */ = {isa = PBXFileReference; lastKnownFileType = sourcecode.swift; path = Log.swift; sourceTree = "<group>"; };
		24D0D32E27231511006FF67B /* Publishers+.swift */ = {isa = PBXFileReference; lastKnownFileType = sourcecode.swift; path = "Publishers+.swift"; sourceTree = "<group>"; };
		24D0D33027231520006FF67B /* View+.swift */ = {isa = PBXFileReference; lastKnownFileType = sourcecode.swift; path = "View+.swift"; sourceTree = "<group>"; };
		24D0D33227231537006FF67B /* UIScreen+.swift */ = {isa = PBXFileReference; lastKnownFileType = sourcecode.swift; path = "UIScreen+.swift"; sourceTree = "<group>"; };
		24D7BB30274D179200CC8B7C /* CellPrayListVM.swift */ = {isa = PBXFileReference; lastKnownFileType = sourcecode.swift; path = CellPrayListVM.swift; sourceTree = "<group>"; };
		24D7BB32274D17C000CC8B7C /* CellPrayInfo.swift */ = {isa = PBXFileReference; lastKnownFileType = sourcecode.swift; path = CellPrayInfo.swift; sourceTree = "<group>"; };
		24DB53BA27479DAA00F861EC /* UINavigationController+.swift */ = {isa = PBXFileReference; lastKnownFileType = sourcecode.swift; path = "UINavigationController+.swift"; sourceTree = "<group>"; };
		24E60723278EF19E00D5A7F2 /* IndicatorView.swift */ = {isa = PBXFileReference; lastKnownFileType = sourcecode.swift; path = IndicatorView.swift; sourceTree = "<group>"; };
		24E779CD2787308D00C732D6 /* GroupMember.swift */ = {isa = PBXFileReference; lastKnownFileType = sourcecode.swift; path = GroupMember.swift; sourceTree = "<group>"; };
		24EA9B4727579BDC004FB585 /* CellMemberPrayEditView.swift */ = {isa = PBXFileReference; lastKnownFileType = sourcecode.swift; path = CellMemberPrayEditView.swift; sourceTree = "<group>"; };
		24EA9B492757A4AB004FB585 /* CellPrayListRow.swift */ = {isa = PBXFileReference; lastKnownFileType = sourcecode.swift; path = CellPrayListRow.swift; sourceTree = "<group>"; };
		2928AF0E9E86176E64F5A826 /* Pods-MoyangTests.release.xcconfig */ = {isa = PBXFileReference; includeInIndex = 1; lastKnownFileType = text.xcconfig; name = "Pods-MoyangTests.release.xcconfig"; path = "Target Support Files/Pods-MoyangTests/Pods-MoyangTests.release.xcconfig"; sourceTree = "<group>"; };
		38544549B563C36B981B4536 /* Pods-Moyang-MoyangUITests.release.xcconfig */ = {isa = PBXFileReference; includeInIndex = 1; lastKnownFileType = text.xcconfig; name = "Pods-Moyang-MoyangUITests.release.xcconfig"; path = "Target Support Files/Pods-Moyang-MoyangUITests/Pods-Moyang-MoyangUITests.release.xcconfig"; sourceTree = "<group>"; };
		45781C750B0FFEF1DF6E58AB /* Pods_Moyang.framework */ = {isa = PBXFileReference; explicitFileType = wrapper.framework; includeInIndex = 0; path = Pods_Moyang.framework; sourceTree = BUILT_PRODUCTS_DIR; };
		4B7EA5C17382D1FDE9FCE43E /* Pods-Moyang-MoyangUITests.debug.xcconfig */ = {isa = PBXFileReference; includeInIndex = 1; lastKnownFileType = text.xcconfig; name = "Pods-Moyang-MoyangUITests.debug.xcconfig"; path = "Target Support Files/Pods-Moyang-MoyangUITests/Pods-Moyang-MoyangUITests.debug.xcconfig"; sourceTree = "<group>"; };
		8F4D8CE72B9995FF96970D76 /* Pods-Moyang.debug.xcconfig */ = {isa = PBXFileReference; includeInIndex = 1; lastKnownFileType = text.xcconfig; name = "Pods-Moyang.debug.xcconfig"; path = "Target Support Files/Pods-Moyang/Pods-Moyang.debug.xcconfig"; sourceTree = "<group>"; };
		943D7928348DE263CE8C77F4 /* Pods-Moyang.release.xcconfig */ = {isa = PBXFileReference; includeInIndex = 1; lastKnownFileType = text.xcconfig; name = "Pods-Moyang.release.xcconfig"; path = "Target Support Files/Pods-Moyang/Pods-Moyang.release.xcconfig"; sourceTree = "<group>"; };
		ECAD942C26F236984147E91B /* Pods-MoyangTests.debug.xcconfig */ = {isa = PBXFileReference; includeInIndex = 1; lastKnownFileType = text.xcconfig; name = "Pods-MoyangTests.debug.xcconfig"; path = "Target Support Files/Pods-MoyangTests/Pods-MoyangTests.debug.xcconfig"; sourceTree = "<group>"; };
		FEBEE8B8AC07D3451E88B65C /* Pods_MoyangTests.framework */ = {isa = PBXFileReference; explicitFileType = wrapper.framework; includeInIndex = 0; path = Pods_MoyangTests.framework; sourceTree = BUILT_PRODUCTS_DIR; };
/* End PBXFileReference section */

/* Begin PBXFrameworksBuildPhase section */
		24D0D2F127230CA3006FF67B /* Frameworks */ = {
			isa = PBXFrameworksBuildPhase;
			buildActionMask = 2147483647;
			files = (
				03DE97E4F728930818596A97 /* Pods_Moyang.framework in Frameworks */,
			);
			runOnlyForDeploymentPostprocessing = 0;
		};
		24D0D30127230CA6006FF67B /* Frameworks */ = {
			isa = PBXFrameworksBuildPhase;
			buildActionMask = 2147483647;
			files = (
				176298367FB9301245178345 /* Pods_MoyangTests.framework in Frameworks */,
			);
			runOnlyForDeploymentPostprocessing = 0;
		};
/* End PBXFrameworksBuildPhase section */

/* Begin PBXGroup section */
		08BE775F2796DAAE008DC7B0 /* Domain */ = {
			isa = PBXGroup;
			children = (
				08BE77602796DAB8008DC7B0 /* PastorList.swift */,
			);
			path = Domain;
			sourceTree = "<group>";
		};
		08D2D8502787B010006897A4 /* SignupLogin */ = {
			isa = PBXGroup;
			children = (
				08BE775F2796DAAE008DC7B0 /* Domain */,
				08D2D8562787B124006897A4 /* Presenter */,
				08D2D8512787B04C006897A4 /* View */,
			);
			path = SignupLogin;
			sourceTree = "<group>";
		};
		08D2D8512787B04C006897A4 /* View */ = {
			isa = PBXGroup;
			children = (
				08D2D8522787B05F006897A4 /* SignUpView.swift */,
				08D2D8542787B074006897A4 /* LogInView.swift */,
				08D8295E278D8116001E6B61 /* IntroView.swift */,
				08BE775B2796D010008DC7B0 /* PastorLogInView.swift */,
			);
			path = View;
			sourceTree = "<group>";
		};
		08D2D8562787B124006897A4 /* Presenter */ = {
			isa = PBXGroup;
			children = (
				08D2D8572787B12F006897A4 /* LoginVM.swift */,
				24B652AE279589BA007CC58C /* IntroVM.swift */,
				08BE775D2796D21F008DC7B0 /* PastorLoginVM.swift */,
			);
			path = Presenter;
			sourceTree = "<group>";
		};
		08FBC5F6279143DC008BC236 /* Profile */ = {
			isa = PBXGroup;
			children = (
				08FBC5F7279143E1008BC236 /* View */,
			);
			path = Profile;
			sourceTree = "<group>";
		};
		08FBC5F7279143E1008BC236 /* View */ = {
			isa = PBXGroup;
			children = (
				08FBC5F8279143EC008BC236 /* ProfileView.swift */,
			);
			path = View;
			sourceTree = "<group>";
		};
		242D745A274267AA0053EF2A /* CommonView */ = {
			isa = PBXGroup;
			children = (
				242D745B274267C80053EF2A /* MainCard.swift */,
				08D82956278D2548001E6B61 /* MoyangButtonStyle.swift */,
				24E60723278EF19E00D5A7F2 /* IndicatorView.swift */,
			);
			path = CommonView;
			sourceTree = "<group>";
		};
		246BD7A327240A96005C4E0B /* Daily */ = {
			isa = PBXGroup;
			children = (
				246BD7A427240A96005C4E0B /* Presenter */,
				246BD7A627240A96005C4E0B /* View */,
			);
			path = Daily;
			sourceTree = "<group>";
		};
		246BD7A427240A96005C4E0B /* Presenter */ = {
			isa = PBXGroup;
			children = (
				246BD7A527240A96005C4E0B /* DailySummaryVM.swift */,
			);
			path = Presenter;
			sourceTree = "<group>";
		};
		246BD7A627240A96005C4E0B /* View */ = {
			isa = PBXGroup;
			children = (
				246BD7A727240A96005C4E0B /* DailySummaryView.swift */,
				08FBC5F4279143D8008BC236 /* DailyView.swift */,
			);
			path = View;
			sourceTree = "<group>";
		};
		246BD7AA27240AB2005C4E0B /* View */ = {
			isa = PBXGroup;
			children = (
				246BD7AB27240AB9005C4E0B /* MainCategoryList.swift */,
				248FEC0F2723A08D00321E5E /* MainView.swift */,
			);
			path = View;
			sourceTree = "<group>";
		};
		246BD7AD27240AD4005C4E0B /* Pray */ = {
			isa = PBXGroup;
			children = (
				246BD7B327240AD4005C4E0B /* Domain */,
				246BD7BA27240AD4005C4E0B /* Presenter */,
				246BD7AE27240AD4005C4E0B /* View */,
			);
			path = Pray;
			sourceTree = "<group>";
		};
		246BD7AE27240AD4005C4E0B /* View */ = {
			isa = PBXGroup;
			children = (
				246BD7AF27240AD4005C4E0B /* PrayAddView.swift */,
				246BD7B027240AD4005C4E0B /* PrayListView.swift */,
				246BD7B127240AD4005C4E0B /* PrayView.swift */,
				246BD7B227240AD4005C4E0B /* PrayPreviewCard.swift */,
				244933EA27775B8F000DDE01 /* PrayCardView.swift */,
			);
			path = View;
			sourceTree = "<group>";
		};
		246BD7B327240AD4005C4E0B /* Domain */ = {
			isa = PBXGroup;
			children = (
				246BD7B527240AD4005C4E0B /* Pray.swift */,
				246BD7B627240AD4005C4E0B /* PrayRepo.swift */,
			);
			path = Domain;
			sourceTree = "<group>";
		};
		246BD7BA27240AD4005C4E0B /* Presenter */ = {
			isa = PBXGroup;
			children = (
				246BD7BB27240AD4005C4E0B /* PrayListVM.swift */,
				246BD7BC27240AD4005C4E0B /* PrayCardVM.swift */,
				246BD7BD27240AD4005C4E0B /* PrayRepoImpl.swift */,
				08D897AD2778604D0065E103 /* PrayAddVM.swift */,
				241426AA278099CB006682B1 /* PrayRepoMock.swift */,
			);
			path = Presenter;
			sourceTree = "<group>";
		};
		246BD7DC27240AE4005C4E0B /* Group */ = {
			isa = PBXGroup;
			children = (
				246BD7E527240AE4005C4E0B /* Domain */,
				246BD7DD27240AE4005C4E0B /* Presenter */,
				246BD7E127240AE4005C4E0B /* View */,
			);
			path = Group;
			sourceTree = "<group>";
		};
		246BD7DD27240AE4005C4E0B /* Presenter */ = {
			isa = PBXGroup;
			children = (
				246BD7DE27240AE4005C4E0B /* GroupRepoImpl.swift */,
				246BD7E027240AE4005C4E0B /* GroupMeetingVM.swift */,
				24D7BB30274D179200CC8B7C /* CellPrayListVM.swift */,
				24BB8031275645C100BE2988 /* NewCellPrayVM.swift */,
				2481EF21276D9D3900C70E26 /* CellCardVM.swift */,
			);
			path = Presenter;
			sourceTree = "<group>";
		};
		246BD7E127240AE4005C4E0B /* View */ = {
			isa = PBXGroup;
			children = (
				246BD7E227240AE4005C4E0B /* CellPreviewCard.swift */,
				246BD7E327240AE4005C4E0B /* CellSubjectHistoryView.swift */,
				246BD7E427240AE4005C4E0B /* GroupMeetingView.swift */,
				24151DCD274A2A3E00DD38CE /* CellPrayListView.swift */,
				24B7B4D72753BC5F007BCF9E /* NewCellPrayView.swift */,
				24EA9B4727579BDC004FB585 /* CellMemberPrayEditView.swift */,
				24EA9B492757A4AB004FB585 /* CellPrayListRow.swift */,
			);
			path = View;
			sourceTree = "<group>";
		};
		246BD7E527240AE4005C4E0B /* Domain */ = {
			isa = PBXGroup;
			children = (
				246BD7E627240AE4005C4E0B /* GroupRepo.swift */,
				246BD7E727240AE4005C4E0B /* GroupPreview.swift */,
				24B6A2542726BEB00065112A /* GroupInfo.swift */,
				24D7BB32274D17C000CC8B7C /* CellPrayInfo.swift */,
				24E779CD2787308D00C732D6 /* GroupMember.swift */,
				24B652AC279584AD007CC58C /* MeetingInfo.swift */,
			);
			path = Domain;
			sourceTree = "<group>";
		};
		248FEC0E2723A07D00321E5E /* Main */ = {
			isa = PBXGroup;
			children = (
				24B8BCE72764C798005B0A9F /* Domain */,
				24B8BCEB2764C7DD005B0A9F /* Presenter */,
				246BD7AA27240AB2005C4E0B /* View */,
			);
			path = Main;
			sourceTree = "<group>";
		};
		248FEC1B2723AAF500321E5E /* Generated */ = {
			isa = PBXGroup;
			children = (
				248FEC1C2723AB0300321E5E /* Assets.swift */,
				242D7463274283710053EF2A /* Strings.swift */,
			);
			path = Generated;
			sourceTree = "<group>";
		};
		249B903127259C7F00B53682 /* JSON */ = {
			isa = PBXGroup;
			children = (
				08A1B7C927804A010085BE18 /* PrayList.json */,
				244933EC277765BB000DDE01 /* Pray.json */,
				249B903727259FD300B53682 /* GroupPreview.json */,
				24B6A2562726C40E0065112A /* GroupInfo.json */,
				24BF6E93274FBF620004B24E /* CellPrayInfo.json */,
			);
			path = JSON;
			sourceTree = "<group>";
		};
		24A6A4A9275A2BCB00D7DB25 /* App */ = {
			isa = PBXGroup;
			children = (
				24BB803327565E0800BE2988 /* DB */,
				24B6E31D275F81C100AD2E53 /* Network */,
				24D0D334272315FA006FF67B /* Resources */,
				24D0D32627231442006FF67B /* Util */,
				24B57BBB2760B37A00630C4C /* GoogleService-Info.plist */,
				24D0D2F727230CA3006FF67B /* MoyangApp.swift */,
				24A6A4AA275A2D7800D7DB25 /* AppAssembly.swift */,
				24A6A4AC275A2DD700D7DB25 /* BaseAssembly.swift */,
			);
			path = App;
			sourceTree = "<group>";
		};
		24B6E31D275F81C100AD2E53 /* Network */ = {
			isa = PBXGroup;
			children = (
				24B6E31E275F81CE00AD2E53 /* MoyangError.swift */,
				24B47FF6276A1BD3003130E6 /* FirestoreServiceImpl.swift */,
				08CE42002780059A003352E0 /* FirestoreService.swift */,
				08D82952278D192C001E6B61 /* LoginService.swift */,
				08D82954278D196F001E6B61 /* FirestoreLoginServiceImpl.swift */,
			);
			path = Network;
			sourceTree = "<group>";
		};
		24B812F027984A9500BD1B3E /* PastorMain */ = {
			isa = PBXGroup;
			children = (
				24B812F427984E9400BD1B3E /* Presenter */,
				24B812F327984C0400BD1B3E /* View */,
			);
			path = PastorMain;
			sourceTree = "<group>";
		};
		24B812F327984C0400BD1B3E /* View */ = {
			isa = PBXGroup;
			children = (
				24B812F127984BD300BD1B3E /* PastorMainView.swift */,
			);
			path = View;
			sourceTree = "<group>";
		};
		24B812F427984E9400BD1B3E /* Presenter */ = {
			isa = PBXGroup;
			children = (
				24B812F527984EA300BD1B3E /* PastorMainVM.swift */,
			);
			path = Presenter;
			sourceTree = "<group>";
		};
		24B8BCE72764C798005B0A9F /* Domain */ = {
			isa = PBXGroup;
			children = (
				24B8BCE82764C7AD005B0A9F /* DailyRepo.swift */,
				24B8BCEE2764C939005B0A9F /* DailyPreview.swift */,
			);
			path = Domain;
			sourceTree = "<group>";
		};
		24B8BCEB2764C7DD005B0A9F /* Presenter */ = {
			isa = PBXGroup;
			children = (
				24B8BCEC2764C7FF005B0A9F /* DailyRepoImpl.swift */,
				24BB327B27656735002131BF /* MainCategoryVM.swift */,
			);
			path = Presenter;
			sourceTree = "<group>";
		};
		24BB803327565E0800BE2988 /* DB */ = {
			isa = PBXGroup;
			children = (
				24BB803427565E1300BE2988 /* RealmManager.swift */,
				24BB803627565E2200BE2988 /* LocalDB.swift */,
				24755366277CA9AB001908A6 /* UserData.swift */,
			);
			path = DB;
			sourceTree = "<group>";
		};
		24D0D2EB27230CA3006FF67B = {
			isa = PBXGroup;
			children = (
				24D0D324272313AF006FF67B /* .swiftlint.yml */,
				24D0D2F627230CA3006FF67B /* Moyang */,
				24D0D30727230CA6006FF67B /* MoyangTests */,
				24D0D2F527230CA3006FF67B /* Products */,
				A053003BDE8D7C2A3DF86D0B /* Pods */,
				FB9B4C79DF20473EEF610639 /* Frameworks */,
			);
			sourceTree = "<group>";
		};
		24D0D2F527230CA3006FF67B /* Products */ = {
			isa = PBXGroup;
			children = (
				24D0D2F427230CA3006FF67B /* Moyang.app */,
				24D0D30427230CA6006FF67B /* MoyangTests.xctest */,
			);
			name = Products;
			sourceTree = "<group>";
		};
		24D0D2F627230CA3006FF67B /* Moyang */ = {
			isa = PBXGroup;
			children = (
				24B492D027989DAB005CAA5A /* Info.plist */,
				24A6A4A9275A2BCB00D7DB25 /* App */,
				242D745A274267AA0053EF2A /* CommonView */,
				248FEC0E2723A07D00321E5E /* Main */,
				24B812F027984A9500BD1B3E /* PastorMain */,
				246BD7DC27240AE4005C4E0B /* Group */,
				246BD7AD27240AD4005C4E0B /* Pray */,
				08D2D8502787B010006897A4 /* SignupLogin */,
				08FBC5F6279143DC008BC236 /* Profile */,
				246BD7A327240A96005C4E0B /* Daily */,
			);
			path = Moyang;
			sourceTree = "<group>";
		};
		24D0D30727230CA6006FF67B /* MoyangTests */ = {
			isa = PBXGroup;
			children = (
				24D0D30827230CA6006FF67B /* MoyangTests.swift */,
			);
			path = MoyangTests;
			sourceTree = "<group>";
		};
		24D0D32627231442006FF67B /* Util */ = {
			isa = PBXGroup;
			children = (
				24D0D3272723144C006FF67B /* Extension */,
				24D0D32C272314F7006FF67B /* Log.swift */,
			);
			path = Util;
			sourceTree = "<group>";
		};
		24D0D3272723144C006FF67B /* Extension */ = {
			isa = PBXGroup;
			children = (
				24D0D3282723145F006FF67B /* Date+.swift */,
				24D0D32E27231511006FF67B /* Publishers+.swift */,
				24D0D33027231520006FF67B /* View+.swift */,
				24D0D33227231537006FF67B /* UIScreen+.swift */,
				24AC737927468BD7003B9B2F /* Array+.swift */,
				24DB53BA27479DAA00F861EC /* UINavigationController+.swift */,
				24B9BF6C275AEB7B0056E694 /* UIColor+.swift */,
				084BE66E277B243800CFC19D /* UIApplication+.swift */,
				08D82958278D25F0001E6B61 /* Font+.swift */,
				08D8295A278D3327001E6B61 /* Color+.swift */,
			);
			path = Extension;
			sourceTree = "<group>";
		};
		24D0D334272315FA006FF67B /* Resources */ = {
			isa = PBXGroup;
			children = (
				249B902F27259C6400B53682 /* DummyData.swift */,
				24D0D2FB27230CA6006FF67B /* Images.xcassets */,
				249B903127259C7F00B53682 /* JSON */,
				248FEC1B2723AAF500321E5E /* Generated */,
				248FEC142723A11500321E5E /* Colors.xcassets */,
				242D7461274282F00053EF2A /* Localizable.strings */,
			);
			path = Resources;
			sourceTree = "<group>";
		};
		A053003BDE8D7C2A3DF86D0B /* Pods */ = {
			isa = PBXGroup;
			children = (
				8F4D8CE72B9995FF96970D76 /* Pods-Moyang.debug.xcconfig */,
				943D7928348DE263CE8C77F4 /* Pods-Moyang.release.xcconfig */,
				4B7EA5C17382D1FDE9FCE43E /* Pods-Moyang-MoyangUITests.debug.xcconfig */,
				38544549B563C36B981B4536 /* Pods-Moyang-MoyangUITests.release.xcconfig */,
				ECAD942C26F236984147E91B /* Pods-MoyangTests.debug.xcconfig */,
				2928AF0E9E86176E64F5A826 /* Pods-MoyangTests.release.xcconfig */,
			);
			path = Pods;
			sourceTree = "<group>";
		};
		FB9B4C79DF20473EEF610639 /* Frameworks */ = {
			isa = PBXGroup;
			children = (
				45781C750B0FFEF1DF6E58AB /* Pods_Moyang.framework */,
				1920D411DE996472D48943BE /* Pods_Moyang_MoyangUITests.framework */,
				FEBEE8B8AC07D3451E88B65C /* Pods_MoyangTests.framework */,
			);
			name = Frameworks;
			sourceTree = "<group>";
		};
/* End PBXGroup section */

/* Begin PBXNativeTarget section */
		24D0D2F327230CA3006FF67B /* Moyang */ = {
			isa = PBXNativeTarget;
			buildConfigurationList = 24D0D31827230CA6006FF67B /* Build configuration list for PBXNativeTarget "Moyang" */;
			buildPhases = (
				7A18B3611F14D17E38E71F92 /* [CP] Check Pods Manifest.lock */,
				248FEC112723A0AF00321E5E /* Run Script SwiftGen */,
				24D0D323272310F3006FF67B /* Run Script SwiftLint */,
				24D0D2F027230CA3006FF67B /* Sources */,
				24D0D2F127230CA3006FF67B /* Frameworks */,
				24D0D2F227230CA3006FF67B /* Resources */,
				DC870966B5077CC77F0622DA /* [CP] Embed Pods Frameworks */,
			);
			buildRules = (
			);
			dependencies = (
			);
			name = Moyang;
			productName = Moyang;
			productReference = 24D0D2F427230CA3006FF67B /* Moyang.app */;
			productType = "com.apple.product-type.application";
		};
		24D0D30327230CA6006FF67B /* MoyangTests */ = {
			isa = PBXNativeTarget;
			buildConfigurationList = 24D0D31B27230CA6006FF67B /* Build configuration list for PBXNativeTarget "MoyangTests" */;
			buildPhases = (
				7E52C48440A9505544A95345 /* [CP] Check Pods Manifest.lock */,
				24D0D30027230CA6006FF67B /* Sources */,
				24D0D30127230CA6006FF67B /* Frameworks */,
				24D0D30227230CA6006FF67B /* Resources */,
			);
			buildRules = (
			);
			dependencies = (
				24D0D30627230CA6006FF67B /* PBXTargetDependency */,
			);
			name = MoyangTests;
			productName = MoyangTests;
			productReference = 24D0D30427230CA6006FF67B /* MoyangTests.xctest */;
			productType = "com.apple.product-type.bundle.unit-test";
		};
/* End PBXNativeTarget section */

/* Begin PBXProject section */
		24D0D2EC27230CA3006FF67B /* Project object */ = {
			isa = PBXProject;
			attributes = {
				BuildIndependentTargetsInParallel = 1;
				LastSwiftUpdateCheck = 1300;
				LastUpgradeCheck = 1310;
				TargetAttributes = {
					24D0D2F327230CA3006FF67B = {
						CreatedOnToolsVersion = 13.0;
					};
					24D0D30327230CA6006FF67B = {
						CreatedOnToolsVersion = 13.0;
						TestTargetID = 24D0D2F327230CA3006FF67B;
					};
				};
			};
			buildConfigurationList = 24D0D2EF27230CA3006FF67B /* Build configuration list for PBXProject "Moyang" */;
			compatibilityVersion = "Xcode 13.0";
			developmentRegion = en;
			hasScannedForEncodings = 0;
			knownRegions = (
				en,
				Base,
				ko,
			);
			mainGroup = 24D0D2EB27230CA3006FF67B;
			productRefGroup = 24D0D2F527230CA3006FF67B /* Products */;
			projectDirPath = "";
			projectRoot = "";
			targets = (
				24D0D2F327230CA3006FF67B /* Moyang */,
				24D0D30327230CA6006FF67B /* MoyangTests */,
			);
		};
/* End PBXProject section */

/* Begin PBXResourcesBuildPhase section */
		24D0D2F227230CA3006FF67B /* Resources */ = {
			isa = PBXResourcesBuildPhase;
			buildActionMask = 2147483647;
			files = (
				24D0D325272313AF006FF67B /* .swiftlint.yml in Resources */,
				248FEC152723A11600321E5E /* Colors.xcassets in Resources */,
				24B57BBC2760B37A00630C4C /* GoogleService-Info.plist in Resources */,
				244933ED277765BB000DDE01 /* Pray.json in Resources */,
				242D745F274282F00053EF2A /* Localizable.strings in Resources */,
				249B903827259FD300B53682 /* GroupPreview.json in Resources */,
				24D0D2FC27230CA6006FF67B /* Images.xcassets in Resources */,
				24B6A2572726C40E0065112A /* GroupInfo.json in Resources */,
				08A1B7CA27804A010085BE18 /* PrayList.json in Resources */,
				24BF6E94274FBF620004B24E /* CellPrayInfo.json in Resources */,
			);
			runOnlyForDeploymentPostprocessing = 0;
		};
		24D0D30227230CA6006FF67B /* Resources */ = {
			isa = PBXResourcesBuildPhase;
			buildActionMask = 2147483647;
			files = (
			);
			runOnlyForDeploymentPostprocessing = 0;
		};
/* End PBXResourcesBuildPhase section */

/* Begin PBXShellScriptBuildPhase section */
		248FEC112723A0AF00321E5E /* Run Script SwiftGen */ = {
			isa = PBXShellScriptBuildPhase;
			buildActionMask = 2147483647;
			files = (
			);
			inputFileListPaths = (
			);
			inputPaths = (
			);
			name = "Run Script SwiftGen";
			outputFileListPaths = (
			);
			outputPaths = (
			);
			runOnlyForDeploymentPostprocessing = 0;
			shellPath = /bin/sh;
			shellScript = "if [[ -f \"${PODS_ROOT}/SwiftGen/bin/swiftgen\" ]]; then\n  \"${PODS_ROOT}/SwiftGen/bin/swiftgen\"\nelse\n  echo \"warning: SwiftGen is not installed. Run 'pod install --repo-update' to install it.\"\nfi\n";
		};
		24D0D323272310F3006FF67B /* Run Script SwiftLint */ = {
			isa = PBXShellScriptBuildPhase;
			buildActionMask = 2147483647;
			files = (
			);
			inputFileListPaths = (
			);
			inputPaths = (
			);
			name = "Run Script SwiftLint";
			outputFileListPaths = (
			);
			outputPaths = (
			);
			runOnlyForDeploymentPostprocessing = 0;
			shellPath = /bin/sh;
			shellScript = "if which swiftlint >/dev/null; then\n  swiftlint\nelse\n  echo \"warning: SwiftLint not installed, download from https://github.com/realm/SwiftLint\"\nfi\n";
		};
		7A18B3611F14D17E38E71F92 /* [CP] Check Pods Manifest.lock */ = {
			isa = PBXShellScriptBuildPhase;
			buildActionMask = 2147483647;
			files = (
			);
			inputFileListPaths = (
			);
			inputPaths = (
				"${PODS_PODFILE_DIR_PATH}/Podfile.lock",
				"${PODS_ROOT}/Manifest.lock",
			);
			name = "[CP] Check Pods Manifest.lock";
			outputFileListPaths = (
			);
			outputPaths = (
				"$(DERIVED_FILE_DIR)/Pods-Moyang-checkManifestLockResult.txt",
			);
			runOnlyForDeploymentPostprocessing = 0;
			shellPath = /bin/sh;
			shellScript = "diff \"${PODS_PODFILE_DIR_PATH}/Podfile.lock\" \"${PODS_ROOT}/Manifest.lock\" > /dev/null\nif [ $? != 0 ] ; then\n    # print error to STDERR\n    echo \"error: The sandbox is not in sync with the Podfile.lock. Run 'pod install' or update your CocoaPods installation.\" >&2\n    exit 1\nfi\n# This output is used by Xcode 'outputs' to avoid re-running this script phase.\necho \"SUCCESS\" > \"${SCRIPT_OUTPUT_FILE_0}\"\n";
			showEnvVarsInLog = 0;
		};
		7E52C48440A9505544A95345 /* [CP] Check Pods Manifest.lock */ = {
			isa = PBXShellScriptBuildPhase;
			buildActionMask = 2147483647;
			files = (
			);
			inputFileListPaths = (
			);
			inputPaths = (
				"${PODS_PODFILE_DIR_PATH}/Podfile.lock",
				"${PODS_ROOT}/Manifest.lock",
			);
			name = "[CP] Check Pods Manifest.lock";
			outputFileListPaths = (
			);
			outputPaths = (
				"$(DERIVED_FILE_DIR)/Pods-MoyangTests-checkManifestLockResult.txt",
			);
			runOnlyForDeploymentPostprocessing = 0;
			shellPath = /bin/sh;
			shellScript = "diff \"${PODS_PODFILE_DIR_PATH}/Podfile.lock\" \"${PODS_ROOT}/Manifest.lock\" > /dev/null\nif [ $? != 0 ] ; then\n    # print error to STDERR\n    echo \"error: The sandbox is not in sync with the Podfile.lock. Run 'pod install' or update your CocoaPods installation.\" >&2\n    exit 1\nfi\n# This output is used by Xcode 'outputs' to avoid re-running this script phase.\necho \"SUCCESS\" > \"${SCRIPT_OUTPUT_FILE_0}\"\n";
			showEnvVarsInLog = 0;
		};
		DC870966B5077CC77F0622DA /* [CP] Embed Pods Frameworks */ = {
			isa = PBXShellScriptBuildPhase;
			buildActionMask = 2147483647;
			files = (
			);
			inputFileListPaths = (
				"${PODS_ROOT}/Target Support Files/Pods-Moyang/Pods-Moyang-frameworks-${CONFIGURATION}-input-files.xcfilelist",
			);
			name = "[CP] Embed Pods Frameworks";
			outputFileListPaths = (
				"${PODS_ROOT}/Target Support Files/Pods-Moyang/Pods-Moyang-frameworks-${CONFIGURATION}-output-files.xcfilelist",
			);
			runOnlyForDeploymentPostprocessing = 0;
			shellPath = /bin/sh;
			shellScript = "\"${PODS_ROOT}/Target Support Files/Pods-Moyang/Pods-Moyang-frameworks.sh\"\n";
			showEnvVarsInLog = 0;
		};
/* End PBXShellScriptBuildPhase section */

/* Begin PBXSourcesBuildPhase section */
		24D0D2F027230CA3006FF67B /* Sources */ = {
			isa = PBXSourcesBuildPhase;
			buildActionMask = 2147483647;
			files = (
				24B812F227984BD300BD1B3E /* PastorMainView.swift in Sources */,
				24AC737A27468BD7003B9B2F /* Array+.swift in Sources */,
				24B652AD279584AD007CC58C /* MeetingInfo.swift in Sources */,
				246BD7C027240AD4005C4E0B /* PrayView.swift in Sources */,
				2481EF22276D9D3900C70E26 /* CellCardVM.swift in Sources */,
				246BD7F127240AE4005C4E0B /* GroupRepoImpl.swift in Sources */,
				08D2D8582787B12F006897A4 /* LoginVM.swift in Sources */,
				248FEC102723A08D00321E5E /* MainView.swift in Sources */,
				246BD7C727240AD4005C4E0B /* PrayCardVM.swift in Sources */,
				244933EB27775B8F000DDE01 /* PrayCardView.swift in Sources */,
				24B812F627984EA300BD1B3E /* PastorMainVM.swift in Sources */,
				24D0D3292723145F006FF67B /* Date+.swift in Sources */,
				24BB8032275645C100BE2988 /* NewCellPrayVM.swift in Sources */,
				24EA9B4A2757A4AB004FB585 /* CellPrayListRow.swift in Sources */,
				246BD7BE27240AD4005C4E0B /* PrayAddView.swift in Sources */,
				241426AB278099CB006682B1 /* PrayRepoMock.swift in Sources */,
				24D0D32D272314F7006FF67B /* Log.swift in Sources */,
				246BD7AC27240AB9005C4E0B /* MainCategoryList.swift in Sources */,
				24D0D33327231537006FF67B /* UIScreen+.swift in Sources */,
				08D2D8552787B074006897A4 /* LogInView.swift in Sources */,
				246BD7C127240AD4005C4E0B /* PrayPreviewCard.swift in Sources */,
				08FBC5F5279143D8008BC236 /* DailyView.swift in Sources */,
				08D2D8532787B05F006897A4 /* SignUpView.swift in Sources */,
				24DB53BB27479DAA00F861EC /* UINavigationController+.swift in Sources */,
				24D0D33127231520006FF67B /* View+.swift in Sources */,
				246BD7C827240AD4005C4E0B /* PrayRepoImpl.swift in Sources */,
				24B8BCED2764C7FF005B0A9F /* DailyRepoImpl.swift in Sources */,
				24E779CE2787308D00C732D6 /* GroupMember.swift in Sources */,
				24E60724278EF19E00D5A7F2 /* IndicatorView.swift in Sources */,
				24B652AF279589BA007CC58C /* IntroVM.swift in Sources */,
				08D82955278D196F001E6B61 /* FirestoreLoginServiceImpl.swift in Sources */,
				246BD7F727240AE4005C4E0B /* GroupRepo.swift in Sources */,
				24B8BCEF2764C939005B0A9F /* DailyPreview.swift in Sources */,
				246BD7A927240A96005C4E0B /* DailySummaryView.swift in Sources */,
				242D7464274283710053EF2A /* Strings.swift in Sources */,
				24B7B4D82753BC5F007BCF9E /* NewCellPrayView.swift in Sources */,
				249B903027259C6400B53682 /* DummyData.swift in Sources */,
				24151DCE274A2A3E00DD38CE /* CellPrayListView.swift in Sources */,
				08BE77612796DAB8008DC7B0 /* PastorList.swift in Sources */,
				24D0D32F27231511006FF67B /* Publishers+.swift in Sources */,
				24B8BCE92764C7AD005B0A9F /* DailyRepo.swift in Sources */,
				246BD7C627240AD4005C4E0B /* PrayListVM.swift in Sources */,
				24A6A4AB275A2D7800D7DB25 /* AppAssembly.swift in Sources */,
				08D8295B278D3327001E6B61 /* Color+.swift in Sources */,
				246BD7F627240AE4005C4E0B /* GroupMeetingView.swift in Sources */,
				08FBC5F9279143EC008BC236 /* ProfileView.swift in Sources */,
				246BD7BF27240AD4005C4E0B /* PrayListView.swift in Sources */,
				24BB803727565E2200BE2988 /* LocalDB.swift in Sources */,
				246BD7F827240AE4005C4E0B /* GroupPreview.swift in Sources */,
				24BB327C27656735002131BF /* MainCategoryVM.swift in Sources */,
				246BD7C227240AD4005C4E0B /* Pray.swift in Sources */,
				08D897AE2778604D0065E103 /* PrayAddVM.swift in Sources */,
				24EA9B4827579BDC004FB585 /* CellMemberPrayEditView.swift in Sources */,
				08D82959278D25F0001E6B61 /* Font+.swift in Sources */,
				24B6E31F275F81CE00AD2E53 /* MoyangError.swift in Sources */,
				248FEC1D2723AB0300321E5E /* Assets.swift in Sources */,
				08CE42012780059A003352E0 /* FirestoreService.swift in Sources */,
				242D745C274267C80053EF2A /* MainCard.swift in Sources */,
				246BD7C327240AD4005C4E0B /* PrayRepo.swift in Sources */,
				246BD7F527240AE4005C4E0B /* CellSubjectHistoryView.swift in Sources */,
				24B6A2552726BEB00065112A /* GroupInfo.swift in Sources */,
				08BE775E2796D21F008DC7B0 /* PastorLoginVM.swift in Sources */,
				08D82957278D2548001E6B61 /* MoyangButtonStyle.swift in Sources */,
				24BB803527565E1300BE2988 /* RealmManager.swift in Sources */,
				24B9BF6D275AEB7B0056E694 /* UIColor+.swift in Sources */,
				246BD7F427240AE4005C4E0B /* CellPreviewCard.swift in Sources */,
				24D7BB31274D179200CC8B7C /* CellPrayListVM.swift in Sources */,
				08BE775C2796D010008DC7B0 /* PastorLogInView.swift in Sources */,
				08D82953278D192C001E6B61 /* LoginService.swift in Sources */,
				24755367277CA9AB001908A6 /* UserData.swift in Sources */,
				246BD7F327240AE4005C4E0B /* GroupMeetingVM.swift in Sources */,
				084BE66F277B243800CFC19D /* UIApplication+.swift in Sources */,
				24D0D2F827230CA3006FF67B /* MoyangApp.swift in Sources */,
				24A6A4AD275A2DD700D7DB25 /* BaseAssembly.swift in Sources */,
				08D8295F278D8116001E6B61 /* IntroView.swift in Sources */,
				24B47FF7276A1BD3003130E6 /* FirestoreServiceImpl.swift in Sources */,
				24D7BB33274D17C100CC8B7C /* CellPrayInfo.swift in Sources */,
				246BD7A827240A96005C4E0B /* DailySummaryVM.swift in Sources */,
			);
			runOnlyForDeploymentPostprocessing = 0;
		};
		24D0D30027230CA6006FF67B /* Sources */ = {
			isa = PBXSourcesBuildPhase;
			buildActionMask = 2147483647;
			files = (
				24D0D30927230CA6006FF67B /* MoyangTests.swift in Sources */,
			);
			runOnlyForDeploymentPostprocessing = 0;
		};
/* End PBXSourcesBuildPhase section */

/* Begin PBXTargetDependency section */
		24D0D30627230CA6006FF67B /* PBXTargetDependency */ = {
			isa = PBXTargetDependency;
			target = 24D0D2F327230CA3006FF67B /* Moyang */;
			targetProxy = 24D0D30527230CA6006FF67B /* PBXContainerItemProxy */;
		};
/* End PBXTargetDependency section */

/* Begin PBXVariantGroup section */
		242D7461274282F00053EF2A /* Localizable.strings */ = {
			isa = PBXVariantGroup;
			children = (
				242D7460274282F00053EF2A /* en */,
				242D7462274282F30053EF2A /* ko */,
			);
			name = Localizable.strings;
			sourceTree = "<group>";
		};
/* End PBXVariantGroup section */

/* Begin XCBuildConfiguration section */
		24D0D31627230CA6006FF67B /* Debug */ = {
			isa = XCBuildConfiguration;
			buildSettings = {
				ALWAYS_SEARCH_USER_PATHS = NO;
				CLANG_ANALYZER_LOCALIZABILITY_NONLOCALIZED = YES;
				CLANG_ANALYZER_NONNULL = YES;
				CLANG_ANALYZER_NUMBER_OBJECT_CONVERSION = YES_AGGRESSIVE;
				CLANG_CXX_LANGUAGE_STANDARD = "gnu++17";
				CLANG_CXX_LIBRARY = "libc++";
				CLANG_ENABLE_MODULES = YES;
				CLANG_ENABLE_OBJC_ARC = YES;
				CLANG_ENABLE_OBJC_WEAK = YES;
				CLANG_WARN_BLOCK_CAPTURE_AUTORELEASING = YES;
				CLANG_WARN_BOOL_CONVERSION = YES;
				CLANG_WARN_COMMA = YES;
				CLANG_WARN_CONSTANT_CONVERSION = YES;
				CLANG_WARN_DEPRECATED_OBJC_IMPLEMENTATIONS = YES;
				CLANG_WARN_DIRECT_OBJC_ISA_USAGE = YES_ERROR;
				CLANG_WARN_DOCUMENTATION_COMMENTS = YES;
				CLANG_WARN_EMPTY_BODY = YES;
				CLANG_WARN_ENUM_CONVERSION = YES;
				CLANG_WARN_INFINITE_RECURSION = YES;
				CLANG_WARN_INT_CONVERSION = YES;
				CLANG_WARN_NON_LITERAL_NULL_CONVERSION = YES;
				CLANG_WARN_OBJC_IMPLICIT_RETAIN_SELF = YES;
				CLANG_WARN_OBJC_LITERAL_CONVERSION = YES;
				CLANG_WARN_OBJC_ROOT_CLASS = YES_ERROR;
				CLANG_WARN_QUOTED_INCLUDE_IN_FRAMEWORK_HEADER = YES;
				CLANG_WARN_RANGE_LOOP_ANALYSIS = YES;
				CLANG_WARN_STRICT_PROTOTYPES = YES;
				CLANG_WARN_SUSPICIOUS_MOVE = YES;
				CLANG_WARN_UNGUARDED_AVAILABILITY = YES_AGGRESSIVE;
				CLANG_WARN_UNREACHABLE_CODE = YES;
				CLANG_WARN__DUPLICATE_METHOD_MATCH = YES;
				COPY_PHASE_STRIP = NO;
				DEBUG_INFORMATION_FORMAT = dwarf;
				ENABLE_STRICT_OBJC_MSGSEND = YES;
				ENABLE_TESTABILITY = YES;
				GCC_C_LANGUAGE_STANDARD = gnu11;
				GCC_DYNAMIC_NO_PIC = NO;
				GCC_NO_COMMON_BLOCKS = YES;
				GCC_OPTIMIZATION_LEVEL = 0;
				GCC_PREPROCESSOR_DEFINITIONS = (
					"DEBUG=1",
					"$(inherited)",
				);
				GCC_WARN_64_TO_32_BIT_CONVERSION = YES;
				GCC_WARN_ABOUT_RETURN_TYPE = YES_ERROR;
				GCC_WARN_UNDECLARED_SELECTOR = YES;
				GCC_WARN_UNINITIALIZED_AUTOS = YES_AGGRESSIVE;
				GCC_WARN_UNUSED_FUNCTION = YES;
				GCC_WARN_UNUSED_VARIABLE = YES;
				IPHONEOS_DEPLOYMENT_TARGET = 15.0;
				MTL_ENABLE_DEBUG_INFO = INCLUDE_SOURCE;
				MTL_FAST_MATH = YES;
				ONLY_ACTIVE_ARCH = YES;
				SDKROOT = iphoneos;
				SWIFT_ACTIVE_COMPILATION_CONDITIONS = "DEBUG ENABLE_LOG";
				SWIFT_OPTIMIZATION_LEVEL = "-Onone";
			};
			name = Debug;
		};
		24D0D31727230CA6006FF67B /* Release */ = {
			isa = XCBuildConfiguration;
			buildSettings = {
				ALWAYS_SEARCH_USER_PATHS = NO;
				CLANG_ANALYZER_LOCALIZABILITY_NONLOCALIZED = YES;
				CLANG_ANALYZER_NONNULL = YES;
				CLANG_ANALYZER_NUMBER_OBJECT_CONVERSION = YES_AGGRESSIVE;
				CLANG_CXX_LANGUAGE_STANDARD = "gnu++17";
				CLANG_CXX_LIBRARY = "libc++";
				CLANG_ENABLE_MODULES = YES;
				CLANG_ENABLE_OBJC_ARC = YES;
				CLANG_ENABLE_OBJC_WEAK = YES;
				CLANG_WARN_BLOCK_CAPTURE_AUTORELEASING = YES;
				CLANG_WARN_BOOL_CONVERSION = YES;
				CLANG_WARN_COMMA = YES;
				CLANG_WARN_CONSTANT_CONVERSION = YES;
				CLANG_WARN_DEPRECATED_OBJC_IMPLEMENTATIONS = YES;
				CLANG_WARN_DIRECT_OBJC_ISA_USAGE = YES_ERROR;
				CLANG_WARN_DOCUMENTATION_COMMENTS = YES;
				CLANG_WARN_EMPTY_BODY = YES;
				CLANG_WARN_ENUM_CONVERSION = YES;
				CLANG_WARN_INFINITE_RECURSION = YES;
				CLANG_WARN_INT_CONVERSION = YES;
				CLANG_WARN_NON_LITERAL_NULL_CONVERSION = YES;
				CLANG_WARN_OBJC_IMPLICIT_RETAIN_SELF = YES;
				CLANG_WARN_OBJC_LITERAL_CONVERSION = YES;
				CLANG_WARN_OBJC_ROOT_CLASS = YES_ERROR;
				CLANG_WARN_QUOTED_INCLUDE_IN_FRAMEWORK_HEADER = YES;
				CLANG_WARN_RANGE_LOOP_ANALYSIS = YES;
				CLANG_WARN_STRICT_PROTOTYPES = YES;
				CLANG_WARN_SUSPICIOUS_MOVE = YES;
				CLANG_WARN_UNGUARDED_AVAILABILITY = YES_AGGRESSIVE;
				CLANG_WARN_UNREACHABLE_CODE = YES;
				CLANG_WARN__DUPLICATE_METHOD_MATCH = YES;
				COPY_PHASE_STRIP = NO;
				DEBUG_INFORMATION_FORMAT = "dwarf-with-dsym";
				ENABLE_NS_ASSERTIONS = NO;
				ENABLE_STRICT_OBJC_MSGSEND = YES;
				GCC_C_LANGUAGE_STANDARD = gnu11;
				GCC_NO_COMMON_BLOCKS = YES;
				GCC_WARN_64_TO_32_BIT_CONVERSION = YES;
				GCC_WARN_ABOUT_RETURN_TYPE = YES_ERROR;
				GCC_WARN_UNDECLARED_SELECTOR = YES;
				GCC_WARN_UNINITIALIZED_AUTOS = YES_AGGRESSIVE;
				GCC_WARN_UNUSED_FUNCTION = YES;
				GCC_WARN_UNUSED_VARIABLE = YES;
				IPHONEOS_DEPLOYMENT_TARGET = 15.0;
				MTL_ENABLE_DEBUG_INFO = NO;
				MTL_FAST_MATH = YES;
				SDKROOT = iphoneos;
				SWIFT_COMPILATION_MODE = wholemodule;
				SWIFT_OPTIMIZATION_LEVEL = "-O";
				VALIDATE_PRODUCT = YES;
			};
			name = Release;
		};
		24D0D31927230CA6006FF67B /* Debug */ = {
			isa = XCBuildConfiguration;
			baseConfigurationReference = 8F4D8CE72B9995FF96970D76 /* Pods-Moyang.debug.xcconfig */;
			buildSettings = {
				ASSETCATALOG_COMPILER_APPICON_NAME = AppIcon;
				ASSETCATALOG_COMPILER_GLOBAL_ACCENT_COLOR_NAME = AccentColor;
				CODE_SIGN_STYLE = Automatic;
				CURRENT_PROJECT_VERSION = 1;
				DEVELOPMENT_ASSET_PATHS = "";
				DEVELOPMENT_TEAM = 2427333XUL;
				ENABLE_PREVIEWS = YES;
				GENERATE_INFOPLIST_FILE = YES;
				INFOPLIST_FILE = Moyang/Info.plist;
				INFOPLIST_KEY_UIApplicationSceneManifest_Generation = YES;
				INFOPLIST_KEY_UIApplicationSupportsIndirectInputEvents = YES;
				INFOPLIST_KEY_UILaunchScreen_Generation = YES;
				INFOPLIST_KEY_UISupportedInterfaceOrientations = UIInterfaceOrientationPortrait;
				INFOPLIST_KEY_UISupportedInterfaceOrientations_iPad = "UIInterfaceOrientationPortrait UIInterfaceOrientationPortraitUpsideDown UIInterfaceOrientationLandscapeLeft UIInterfaceOrientationLandscapeRight";
				INFOPLIST_KEY_UISupportedInterfaceOrientations_iPhone = "UIInterfaceOrientationPortrait UIInterfaceOrientationLandscapeLeft UIInterfaceOrientationLandscapeRight";
				IPHONEOS_DEPLOYMENT_TARGET = 15.0;
				LD_RUNPATH_SEARCH_PATHS = (
					"$(inherited)",
					"@executable_path/Frameworks",
				);
				MARKETING_VERSION = 0.0.1;
				PRODUCT_BUNDLE_IDENTIFIER = com.j2kb.Moyang;
				PRODUCT_NAME = "$(TARGET_NAME)";
				SWIFT_EMIT_LOC_STRINGS = YES;
				SWIFT_VERSION = 5.0;
				TARGETED_DEVICE_FAMILY = "1,2";
			};
			name = Debug;
		};
		24D0D31A27230CA6006FF67B /* Release */ = {
			isa = XCBuildConfiguration;
			baseConfigurationReference = 943D7928348DE263CE8C77F4 /* Pods-Moyang.release.xcconfig */;
			buildSettings = {
				ASSETCATALOG_COMPILER_APPICON_NAME = AppIcon;
				ASSETCATALOG_COMPILER_GLOBAL_ACCENT_COLOR_NAME = AccentColor;
				CODE_SIGN_STYLE = Automatic;
				CURRENT_PROJECT_VERSION = 1;
				DEVELOPMENT_ASSET_PATHS = "";
				DEVELOPMENT_TEAM = 2427333XUL;
				ENABLE_PREVIEWS = YES;
				GENERATE_INFOPLIST_FILE = YES;
				INFOPLIST_FILE = Moyang/Info.plist;
				INFOPLIST_KEY_UIApplicationSceneManifest_Generation = YES;
				INFOPLIST_KEY_UIApplicationSupportsIndirectInputEvents = YES;
				INFOPLIST_KEY_UILaunchScreen_Generation = YES;
				INFOPLIST_KEY_UISupportedInterfaceOrientations = UIInterfaceOrientationPortrait;
				INFOPLIST_KEY_UISupportedInterfaceOrientations_iPad = "UIInterfaceOrientationPortrait UIInterfaceOrientationPortraitUpsideDown UIInterfaceOrientationLandscapeLeft UIInterfaceOrientationLandscapeRight";
				INFOPLIST_KEY_UISupportedInterfaceOrientations_iPhone = "UIInterfaceOrientationPortrait UIInterfaceOrientationLandscapeLeft UIInterfaceOrientationLandscapeRight";
				IPHONEOS_DEPLOYMENT_TARGET = 15.0;
				LD_RUNPATH_SEARCH_PATHS = (
					"$(inherited)",
					"@executable_path/Frameworks",
				);
				MARKETING_VERSION = 0.0.1;
				PRODUCT_BUNDLE_IDENTIFIER = com.j2kb.Moyang;
				PRODUCT_NAME = "$(TARGET_NAME)";
				SWIFT_EMIT_LOC_STRINGS = YES;
				SWIFT_VERSION = 5.0;
				TARGETED_DEVICE_FAMILY = "1,2";
			};
			name = Release;
		};
		24D0D31C27230CA6006FF67B /* Debug */ = {
			isa = XCBuildConfiguration;
			baseConfigurationReference = ECAD942C26F236984147E91B /* Pods-MoyangTests.debug.xcconfig */;
			buildSettings = {
				ALWAYS_EMBED_SWIFT_STANDARD_LIBRARIES = YES;
				BUNDLE_LOADER = "$(TEST_HOST)";
				CODE_SIGN_STYLE = Automatic;
				CURRENT_PROJECT_VERSION = 1;
				DEVELOPMENT_TEAM = 2427333XUL;
				GENERATE_INFOPLIST_FILE = YES;
				IPHONEOS_DEPLOYMENT_TARGET = 15.0;
				LD_RUNPATH_SEARCH_PATHS = (
					"$(inherited)",
					"@executable_path/Frameworks",
					"@loader_path/Frameworks",
				);
				MARKETING_VERSION = 1.0;
				PRODUCT_BUNDLE_IDENTIFIER = com.j2kb.MoyangTests;
				PRODUCT_NAME = "$(TARGET_NAME)";
				SWIFT_EMIT_LOC_STRINGS = NO;
				SWIFT_VERSION = 5.0;
				TARGETED_DEVICE_FAMILY = "1,2";
				TEST_HOST = "$(BUILT_PRODUCTS_DIR)/Moyang.app/Moyang";
			};
			name = Debug;
		};
		24D0D31D27230CA6006FF67B /* Release */ = {
			isa = XCBuildConfiguration;
			baseConfigurationReference = 2928AF0E9E86176E64F5A826 /* Pods-MoyangTests.release.xcconfig */;
			buildSettings = {
				ALWAYS_EMBED_SWIFT_STANDARD_LIBRARIES = YES;
				BUNDLE_LOADER = "$(TEST_HOST)";
				CODE_SIGN_STYLE = Automatic;
				CURRENT_PROJECT_VERSION = 1;
				DEVELOPMENT_TEAM = 2427333XUL;
				GENERATE_INFOPLIST_FILE = YES;
				IPHONEOS_DEPLOYMENT_TARGET = 15.0;
				LD_RUNPATH_SEARCH_PATHS = (
					"$(inherited)",
					"@executable_path/Frameworks",
					"@loader_path/Frameworks",
				);
				MARKETING_VERSION = 1.0;
				PRODUCT_BUNDLE_IDENTIFIER = com.j2kb.MoyangTests;
				PRODUCT_NAME = "$(TARGET_NAME)";
				SWIFT_EMIT_LOC_STRINGS = NO;
				SWIFT_VERSION = 5.0;
				TARGETED_DEVICE_FAMILY = "1,2";
				TEST_HOST = "$(BUILT_PRODUCTS_DIR)/Moyang.app/Moyang";
			};
			name = Release;
		};
/* End XCBuildConfiguration section */

/* Begin XCConfigurationList section */
		24D0D2EF27230CA3006FF67B /* Build configuration list for PBXProject "Moyang" */ = {
			isa = XCConfigurationList;
			buildConfigurations = (
				24D0D31627230CA6006FF67B /* Debug */,
				24D0D31727230CA6006FF67B /* Release */,
			);
			defaultConfigurationIsVisible = 0;
			defaultConfigurationName = Release;
		};
		24D0D31827230CA6006FF67B /* Build configuration list for PBXNativeTarget "Moyang" */ = {
			isa = XCConfigurationList;
			buildConfigurations = (
				24D0D31927230CA6006FF67B /* Debug */,
				24D0D31A27230CA6006FF67B /* Release */,
			);
			defaultConfigurationIsVisible = 0;
			defaultConfigurationName = Release;
		};
		24D0D31B27230CA6006FF67B /* Build configuration list for PBXNativeTarget "MoyangTests" */ = {
			isa = XCConfigurationList;
			buildConfigurations = (
				24D0D31C27230CA6006FF67B /* Debug */,
				24D0D31D27230CA6006FF67B /* Release */,
			);
			defaultConfigurationIsVisible = 0;
			defaultConfigurationName = Release;
		};
/* End XCConfigurationList section */
	};
	rootObject = 24D0D2EC27230CA3006FF67B /* Project object */;
}
